
Microsoft Visual Studio Solution File, Format Version 12.00
# Visual Studio Version 17
VisualStudioVersion = 17.12.35521.163
MinimumVisualStudioVersion = 10.0.40219.1
Project("{FAE04EC0-301F-11D3-BF4B-00C04F79EFBC}") = "01 Introduction", "01 Introduction\01 Introduction.csproj", "{7DF029F3-AC5C-4700-BF6C-04F29012D6FF}"
EndProject
Project("{FAE04EC0-301F-11D3-BF4B-00C04F79EFBC}") = "02 Base", "02 Base\02 Base.csproj", "{EE2132AA-280C-41DF-8170-AA0D67D521D4}"
EndProject
Project("{FAE04EC0-301F-11D3-BF4B-00C04F79EFBC}") = "02.5 Calculator1", "02.5 Calculator1\02.5 Calculator1.csproj", "{19C81B67-B384-4830-8DA4-8D29AFE87BB5}"
EndProject
Project("{FAE04EC0-301F-11D3-BF4B-00C04F79EFBC}") = "04.5 Books", "04.5 Books\04.5 Books.csproj", "{0EE054CC-CED3-4C38-B47D-E6EBD093D0CA}"
EndProject
Project("{FAE04EC0-301F-11D3-BF4B-00C04F79EFBC}") = "04.75 XML", "04.75 XML\04.75 XML.csproj", "{397F85DC-A13B-4AC1-B53E-017697EB1146}"
EndProject
Project("{FAE04EC0-301F-11D3-BF4B-00C04F79EFBC}") = "04 Linq, Lambda", "04 Linq, Lambda\04 Linq, Lambda.csproj", "{69C06A2F-FAFD-4621-9F07-9D9B1510A15A}"
EndProject
Project("{FAE04EC0-301F-11D3-BF4B-00C04F79EFBC}") = "04.8 XML Catalog", "04.8 XML Catalog\04.8 XML Catalog.csproj", "{B45AF941-D191-41C6-975E-C0705742AD7D}"
EndProject
Global
	GlobalSection(SolutionConfigurationPlatforms) = preSolution
		Debug|Any CPU = Debug|Any CPU
		Release|Any CPU = Release|Any CPU
	EndGlobalSection
	GlobalSection(ProjectConfigurationPlatforms) = postSolution
		{7DF029F3-AC5C-4700-BF6C-04F29012D6FF}.Debug|Any CPU.ActiveCfg = Debug|Any CPU
		{7DF029F3-AC5C-4700-BF6C-04F29012D6FF}.Debug|Any CPU.Build.0 = Debug|Any CPU
		{7DF029F3-AC5C-4700-BF6C-04F29012D6FF}.Release|Any CPU.ActiveCfg = Release|Any CPU
		{7DF029F3-AC5C-4700-BF6C-04F29012D6FF}.Release|Any CPU.Build.0 = Release|Any CPU
		{EE2132AA-280C-41DF-8170-AA0D67D521D4}.Debug|Any CPU.ActiveCfg = Debug|Any CPU
		{EE2132AA-280C-41DF-8170-AA0D67D521D4}.Debug|Any CPU.Build.0 = Debug|Any CPU
		{EE2132AA-280C-41DF-8170-AA0D67D521D4}.Release|Any CPU.ActiveCfg = Release|Any CPU
		{EE2132AA-280C-41DF-8170-AA0D67D521D4}.Release|Any CPU.Build.0 = Release|Any CPU
		{19C81B67-B384-4830-8DA4-8D29AFE87BB5}.Debug|Any CPU.ActiveCfg = Debug|Any CPU
		{19C81B67-B384-4830-8DA4-8D29AFE87BB5}.Debug|Any CPU.Build.0 = Debug|Any CPU
		{19C81B67-B384-4830-8DA4-8D29AFE87BB5}.Release|Any CPU.ActiveCfg = Release|Any CPU
		{19C81B67-B384-4830-8DA4-8D29AFE87BB5}.Release|Any CPU.Build.0 = Release|Any CPU
		{0EE054CC-CED3-4C38-B47D-E6EBD093D0CA}.Debug|Any CPU.ActiveCfg = Debug|Any CPU
		{0EE054CC-CED3-4C38-B47D-E6EBD093D0CA}.Debug|Any CPU.Build.0 = Debug|Any CPU
		{0EE054CC-CED3-4C38-B47D-E6EBD093D0CA}.Release|Any CPU.ActiveCfg = Release|Any CPU
		{0EE054CC-CED3-4C38-B47D-E6EBD093D0CA}.Release|Any CPU.Build.0 = Release|Any CPU
		{397F85DC-A13B-4AC1-B53E-017697EB1146}.Debug|Any CPU.ActiveCfg = Debug|Any CPU
		{397F85DC-A13B-4AC1-B53E-017697EB1146}.Debug|Any CPU.Build.0 = Debug|Any CPU
		{397F85DC-A13B-4AC1-B53E-017697EB1146}.Release|Any CPU.ActiveCfg = Release|Any CPU
		{397F85DC-A13B-4AC1-B53E-017697EB1146}.Release|Any CPU.Build.0 = Release|Any CPU
		{69C06A2F-FAFD-4621-9F07-9D9B1510A15A}.Debug|Any CPU.ActiveCfg = Debug|Any CPU
		{69C06A2F-FAFD-4621-9F07-9D9B1510A15A}.Debug|Any CPU.Build.0 = Debug|Any CPU
		{69C06A2F-FAFD-4621-9F07-9D9B1510A15A}.Release|Any CPU.ActiveCfg = Release|Any CPU
		{69C06A2F-FAFD-4621-9F07-9D9B1510A15A}.Release|Any CPU.Build.0 = Release|Any CPU
		{B45AF941-D191-41C6-975E-C0705742AD7D}.Debug|Any CPU.ActiveCfg = Debug|Any CPU
		{B45AF941-D191-41C6-975E-C0705742AD7D}.Debug|Any CPU.Build.0 = Debug|Any CPU
		{B45AF941-D191-41C6-975E-C0705742AD7D}.Release|Any CPU.ActiveCfg = Release|Any CPU
		{B45AF941-D191-41C6-975E-C0705742AD7D}.Release|Any CPU.Build.0 = Release|Any CPU
	EndGlobalSection
	GlobalSection(SolutionProperties) = preSolution
		HideSolutionNode = FALSE
	EndGlobalSection
EndGlobal
