
Microsoft Visual Studio Solution File, Format Version 12.00
# Visual Studio Version 17
VisualStudioVersion = 17.12.35521.163
MinimumVisualStudioVersion = 10.0.40219.1
Project("{FAE04EC0-301F-11D3-BF4B-00C04F79EFBC}") = "01 Introduction", "01 Introduction\01 Introduction.csproj", "{7DF029F3-AC5C-4700-BF6C-04F29012D6FF}"
EndProject
Project("{FAE04EC0-301F-11D3-BF4B-00C04F79EFBC}") = "02 Base", "02 Base\02 Base.csproj", "{EE2132AA-280C-41DF-8170-AA0D67D521D4}"
EndProject
Project("{FAE04EC0-301F-11D3-BF4B-00C04F79EFBC}") = "02.5 Calculator1", "02.5 Calculator1\02.5 Calculator1.csproj", "{19C81B67-B384-4830-8DA4-8D29AFE87BB5}"
EndProject
Project("{FAE04EC0-301F-11D3-BF4B-00C04F79EFBC}") = "04.5 Books", "04.5 Books\04.5 Books.csproj", "{0EE054CC-CED3-4C38-B47D-E6EBD093D0CA}"
EndProject
Project("{FAE04EC0-301F-11D3-BF4B-00C04F79EFBC}") = "04.75 XML", "04.75 XML\04.75 XML.csproj", "{397F85DC-A13B-4AC1-B53E-017697EB1146}"
EndProject
Project("{FAE04EC0-301F-11D3-BF4B-00C04F79EFBC}") = "04 Linq, Lambda", "04 Linq, Lambda\04 Linq, Lambda.csproj", "{69C06A2F-FAFD-4621-9F07-9D9B1510A15A}"
EndProject
Project("{FAE04EC0-301F-11D3-BF4B-00C04F79EFBC}") = "04.8 XML Catalog", "04.8 XML Catalog\04.8 XML Catalog.csproj", "{B45AF941-D191-41C6-975E-C0705742AD7D}"
EndProject
Project("{FAE04EC0-301F-11D3-BF4B-00C04F79EFBC}") = "05 pg SQL", "05 pg SQL\05 pg SQL.csproj", "{53923BB5-150E-4849-8A02-ADF5E34854FA}"
EndProject
Project("{FAE04EC0-301F-11D3-BF4B-00C04F79EFBC}") = "05.5 pg SQL2", "05.5 pg SQL2\05.5 pg SQL2.csproj", "{2E5F8B3B-7A00-4DFE-9BA1-96472D87B1FB}"
EndProject
Project("{FAE04EC0-301F-11D3-BF4B-00C04F79EFBC}") = "06 Even More SQL TwT", "06 Even More SQL TwT\06 Even More SQL TwT.csproj", "{236D5983-AEFB-4DDF-A461-FF3448E0F25E}"
EndProject
Project("{FAE04EC0-301F-11D3-BF4B-00C04F79EFBC}") = "09 Classes Practice", "09 Classes Practice\09 Classes Practice.csproj", "{278229AB-7E8C-4262-8336-BE4BACEF6845}"
EndProject
Project("{FAE04EC0-301F-11D3-BF4B-00C04F79EFBC}") = "09.5 Garbage", "09.5 Garbage\09.5 Garbage.csproj", "{E13F60D4-E03A-45FC-9248-72AE031B9262}"
EndProject
Project("{FAE04EC0-301F-11D3-BF4B-00C04F79EFBC}") = "09.75 Delegat", "09.75 Delegat\09.75 Delegat.csproj", "{7600CE16-7F76-4043-B623-76E2DD0E5917}"
EndProject
Project("{FAE04EC0-301F-11D3-BF4B-00C04F79EFBC}") = "10 Calculator", "10 Calculator\10 Calculator.csproj", "{A2B34EB8-DFFE-4ACB-B090-134A55C69853}"
EndProject
Project("{FAE04EC0-301F-11D3-BF4B-00C04F79EFBC}") = "11 Asynchronous Programming", "11 Asynchronous Programming\11 Asynchronous Programming.csproj", "{92EB8E2F-4FD7-4CCD-8E1D-3DAC329AD1AE}"
EndProject
Global
	GlobalSection(SolutionConfigurationPlatforms) = preSolution
		Debug|Any CPU = Debug|Any CPU
		Release|Any CPU = Release|Any CPU
	EndGlobalSection
	GlobalSection(ProjectConfigurationPlatforms) = postSolution
		{7DF029F3-AC5C-4700-BF6C-04F29012D6FF}.Debug|Any CPU.ActiveCfg = Debug|Any CPU
		{7DF029F3-AC5C-4700-BF6C-04F29012D6FF}.Debug|Any CPU.Build.0 = Debug|Any CPU
		{7DF029F3-AC5C-4700-BF6C-04F29012D6FF}.Release|Any CPU.ActiveCfg = Release|Any CPU
		{7DF029F3-AC5C-4700-BF6C-04F29012D6FF}.Release|Any CPU.Build.0 = Release|Any CPU
		{EE2132AA-280C-41DF-8170-AA0D67D521D4}.Debug|Any CPU.ActiveCfg = Debug|Any CPU
		{EE2132AA-280C-41DF-8170-AA0D67D521D4}.Debug|Any CPU.Build.0 = Debug|Any CPU
		{EE2132AA-280C-41DF-8170-AA0D67D521D4}.Release|Any CPU.ActiveCfg = Release|Any CPU
		{EE2132AA-280C-41DF-8170-AA0D67D521D4}.Release|Any CPU.Build.0 = Release|Any CPU
		{19C81B67-B384-4830-8DA4-8D29AFE87BB5}.Debug|Any CPU.ActiveCfg = Debug|Any CPU
		{19C81B67-B384-4830-8DA4-8D29AFE87BB5}.Debug|Any CPU.Build.0 = Debug|Any CPU
		{19C81B67-B384-4830-8DA4-8D29AFE87BB5}.Release|Any CPU.ActiveCfg = Release|Any CPU
		{19C81B67-B384-4830-8DA4-8D29AFE87BB5}.Release|Any CPU.Build.0 = Release|Any CPU
		{0EE054CC-CED3-4C38-B47D-E6EBD093D0CA}.Debug|Any CPU.ActiveCfg = Debug|Any CPU
		{0EE054CC-CED3-4C38-B47D-E6EBD093D0CA}.Debug|Any CPU.Build.0 = Debug|Any CPU
		{0EE054CC-CED3-4C38-B47D-E6EBD093D0CA}.Release|Any CPU.ActiveCfg = Release|Any CPU
		{0EE054CC-CED3-4C38-B47D-E6EBD093D0CA}.Release|Any CPU.Build.0 = Release|Any CPU
		{397F85DC-A13B-4AC1-B53E-017697EB1146}.Debug|Any CPU.ActiveCfg = Debug|Any CPU
		{397F85DC-A13B-4AC1-B53E-017697EB1146}.Debug|Any CPU.Build.0 = Debug|Any CPU
		{397F85DC-A13B-4AC1-B53E-017697EB1146}.Release|Any CPU.ActiveCfg = Release|Any CPU
		{397F85DC-A13B-4AC1-B53E-017697EB1146}.Release|Any CPU.Build.0 = Release|Any CPU
		{69C06A2F-FAFD-4621-9F07-9D9B1510A15A}.Debug|Any CPU.ActiveCfg = Debug|Any CPU
		{69C06A2F-FAFD-4621-9F07-9D9B1510A15A}.Debug|Any CPU.Build.0 = Debug|Any CPU
		{69C06A2F-FAFD-4621-9F07-9D9B1510A15A}.Release|Any CPU.ActiveCfg = Release|Any CPU
		{69C06A2F-FAFD-4621-9F07-9D9B1510A15A}.Release|Any CPU.Build.0 = Release|Any CPU
		{B45AF941-D191-41C6-975E-C0705742AD7D}.Debug|Any CPU.ActiveCfg = Debug|Any CPU
		{B45AF941-D191-41C6-975E-C0705742AD7D}.Debug|Any CPU.Build.0 = Debug|Any CPU
		{B45AF941-D191-41C6-975E-C0705742AD7D}.Release|Any CPU.ActiveCfg = Release|Any CPU
		{B45AF941-D191-41C6-975E-C0705742AD7D}.Release|Any CPU.Build.0 = Release|Any CPU
		{53923BB5-150E-4849-8A02-ADF5E34854FA}.Debug|Any CPU.ActiveCfg = Debug|Any CPU
		{53923BB5-150E-4849-8A02-ADF5E34854FA}.Debug|Any CPU.Build.0 = Debug|Any CPU
		{53923BB5-150E-4849-8A02-ADF5E34854FA}.Release|Any CPU.ActiveCfg = Release|Any CPU
		{53923BB5-150E-4849-8A02-ADF5E34854FA}.Release|Any CPU.Build.0 = Release|Any CPU
		{2E5F8B3B-7A00-4DFE-9BA1-96472D87B1FB}.Debug|Any CPU.ActiveCfg = Debug|Any CPU
		{2E5F8B3B-7A00-4DFE-9BA1-96472D87B1FB}.Debug|Any CPU.Build.0 = Debug|Any CPU
		{2E5F8B3B-7A00-4DFE-9BA1-96472D87B1FB}.Release|Any CPU.ActiveCfg = Release|Any CPU
		{2E5F8B3B-7A00-4DFE-9BA1-96472D87B1FB}.Release|Any CPU.Build.0 = Release|Any CPU
		{236D5983-AEFB-4DDF-A461-FF3448E0F25E}.Debug|Any CPU.ActiveCfg = Debug|Any CPU
		{236D5983-AEFB-4DDF-A461-FF3448E0F25E}.Debug|Any CPU.Build.0 = Debug|Any CPU
		{236D5983-AEFB-4DDF-A461-FF3448E0F25E}.Release|Any CPU.ActiveCfg = Release|Any CPU
		{236D5983-AEFB-4DDF-A461-FF3448E0F25E}.Release|Any CPU.Build.0 = Release|Any CPU
		{278229AB-7E8C-4262-8336-BE4BACEF6845}.Debug|Any CPU.ActiveCfg = Debug|Any CPU
		{278229AB-7E8C-4262-8336-BE4BACEF6845}.Debug|Any CPU.Build.0 = Debug|Any CPU
		{278229AB-7E8C-4262-8336-BE4BACEF6845}.Release|Any CPU.ActiveCfg = Release|Any CPU
		{278229AB-7E8C-4262-8336-BE4BACEF6845}.Release|Any CPU.Build.0 = Release|Any CPU
		{E13F60D4-E03A-45FC-9248-72AE031B9262}.Debug|Any CPU.ActiveCfg = Debug|Any CPU
		{E13F60D4-E03A-45FC-9248-72AE031B9262}.Debug|Any CPU.Build.0 = Debug|Any CPU
		{E13F60D4-E03A-45FC-9248-72AE031B9262}.Release|Any CPU.ActiveCfg = Release|Any CPU
		{E13F60D4-E03A-45FC-9248-72AE031B9262}.Release|Any CPU.Build.0 = Release|Any CPU
		{7600CE16-7F76-4043-B623-76E2DD0E5917}.Debug|Any CPU.ActiveCfg = Debug|Any CPU
		{7600CE16-7F76-4043-B623-76E2DD0E5917}.Debug|Any CPU.Build.0 = Debug|Any CPU
		{7600CE16-7F76-4043-B623-76E2DD0E5917}.Release|Any CPU.ActiveCfg = Release|Any CPU
		{7600CE16-7F76-4043-B623-76E2DD0E5917}.Release|Any CPU.Build.0 = Release|Any CPU
		{A2B34EB8-DFFE-4ACB-B090-134A55C69853}.Debug|Any CPU.ActiveCfg = Debug|Any CPU
		{A2B34EB8-DFFE-4ACB-B090-134A55C69853}.Debug|Any CPU.Build.0 = Debug|Any CPU
		{A2B34EB8-DFFE-4ACB-B090-134A55C69853}.Release|Any CPU.ActiveCfg = Release|Any CPU
		{A2B34EB8-DFFE-4ACB-B090-134A55C69853}.Release|Any CPU.Build.0 = Release|Any CPU
		{92EB8E2F-4FD7-4CCD-8E1D-3DAC329AD1AE}.Debug|Any CPU.ActiveCfg = Debug|Any CPU
		{92EB8E2F-4FD7-4CCD-8E1D-3DAC329AD1AE}.Debug|Any CPU.Build.0 = Debug|Any CPU
		{92EB8E2F-4FD7-4CCD-8E1D-3DAC329AD1AE}.Release|Any CPU.ActiveCfg = Release|Any CPU
		{92EB8E2F-4FD7-4CCD-8E1D-3DAC329AD1AE}.Release|Any CPU.Build.0 = Release|Any CPU
	EndGlobalSection
	GlobalSection(SolutionProperties) = preSolution
		HideSolutionNode = FALSE
	EndGlobalSection
EndGlobal
